
Microsoft Visual Studio Solution File, Format Version 12.00
# Visual Studio Version 17
VisualStudioVersion = 17.1.32421.90
MinimumVisualStudioVersion = 10.0.40219.1
Project("{9A19103F-16F7-4668-BE54-9A1E7A4F7556}") = "Algorithms", "DatastructuresAndAlgorithmsPlayground\Algorithms.csproj", "{392288F5-6834-4D62-B786-134A0355C8EA}"
EndProject
Global
	GlobalSection(SolutionConfigurationPlatforms) = preSolution
		Debug|Any CPU = Debug|Any CPU
		Release|Any CPU = Release|Any CPU
	EndGlobalSection
	GlobalSection(ProjectConfigurationPlatforms) = postSolution
		{392288F5-6834-4D62-B786-134A0355C8EA}.Debug|Any CPU.ActiveCfg = Debug|Any CPU
		{392288F5-6834-4D62-B786-134A0355C8EA}.Debug|Any CPU.Build.0 = Debug|Any CPU
		{392288F5-6834-4D62-B786-134A0355C8EA}.Release|Any CPU.ActiveCfg = Release|Any CPU
		{392288F5-6834-4D62-B786-134A0355C8EA}.Release|Any CPU.Build.0 = Release|Any CPU
	EndGlobalSection
	GlobalSection(SolutionProperties) = preSolution
		HideSolutionNode = FALSE
	EndGlobalSection
	GlobalSection(ExtensibilityGlobals) = postSolution
		SolutionGuid = {785E4460-9FA6-4478-B21B-AC8C3A3A9674}
	EndGlobalSection
EndGlobal
